
Microsoft Visual Studio Solution File, Format Version 12.00
# Visual Studio Version 16
VisualStudioVersion = 16.0.30413.136
MinimumVisualStudioVersion = 10.0.40219.1
Project("{FAE04EC0-301F-11D3-BF4B-00C04F79EFBC}") = "CureMed", "CureMed\CureMed.csproj", "{6A54B173-7E29-4BB0-BEA1-D97C6DE960CF}"
EndProject
Project("{FAE04EC0-301F-11D3-BF4B-00C04F79EFBC}") = "CureMed.Core", "CureMed.Core\CureMed.Core.csproj", "{83A1670D-26A8-4EB0-9B94-4755B64E1848}"
EndProject
Project("{FAE04EC0-301F-11D3-BF4B-00C04F79EFBC}") = "CureMed.Database", "CureMed.Database\CureMed.Database.csproj", "{E032395D-961C-45E0-A8C2-32F3784AEB0F}"
EndProject
Global
	GlobalSection(SolutionConfigurationPlatforms) = preSolution
		Debug|Any CPU = Debug|Any CPU
		Release|Any CPU = Release|Any CPU
	EndGlobalSection
	GlobalSection(ProjectConfigurationPlatforms) = postSolution
		{6A54B173-7E29-4BB0-BEA1-D97C6DE960CF}.Debug|Any CPU.ActiveCfg = Debug|Any CPU
		{6A54B173-7E29-4BB0-BEA1-D97C6DE960CF}.Debug|Any CPU.Build.0 = Debug|Any CPU
		{6A54B173-7E29-4BB0-BEA1-D97C6DE960CF}.Release|Any CPU.ActiveCfg = Release|Any CPU
		{6A54B173-7E29-4BB0-BEA1-D97C6DE960CF}.Release|Any CPU.Build.0 = Release|Any CPU
		{83A1670D-26A8-4EB0-9B94-4755B64E1848}.Debug|Any CPU.ActiveCfg = Debug|Any CPU
		{83A1670D-26A8-4EB0-9B94-4755B64E1848}.Debug|Any CPU.Build.0 = Debug|Any CPU
		{83A1670D-26A8-4EB0-9B94-4755B64E1848}.Release|Any CPU.ActiveCfg = Release|Any CPU
		{83A1670D-26A8-4EB0-9B94-4755B64E1848}.Release|Any CPU.Build.0 = Release|Any CPU
		{E032395D-961C-45E0-A8C2-32F3784AEB0F}.Debug|Any CPU.ActiveCfg = Debug|Any CPU
		{E032395D-961C-45E0-A8C2-32F3784AEB0F}.Debug|Any CPU.Build.0 = Debug|Any CPU
		{E032395D-961C-45E0-A8C2-32F3784AEB0F}.Release|Any CPU.ActiveCfg = Release|Any CPU
		{E032395D-961C-45E0-A8C2-32F3784AEB0F}.Release|Any CPU.Build.0 = Release|Any CPU
	EndGlobalSection
	GlobalSection(SolutionProperties) = preSolution
		HideSolutionNode = FALSE
	EndGlobalSection
	GlobalSection(ExtensibilityGlobals) = postSolution
		SolutionGuid = {0905235A-D447-49B1-89C8-12C6AC61F54A}
	EndGlobalSection
EndGlobal
